// !$*UTF8*$!
{
	archiveVersion = 1;
	classes = {
	};
	objectVersion = 46;
	objects = {

/* Begin PBXBuildFile section */
		3347ADA71BE4267700659A21 /* main.m in Sources */ = {isa = PBXBuildFile; fileRef = 3347ADA61BE4267700659A21 /* main.m */; };
		3347ADAA1BE4267700659A21 /* AppDelegate.m in Sources */ = {isa = PBXBuildFile; fileRef = 3347ADA91BE4267700659A21 /* AppDelegate.m */; };
		3347ADAD1BE4267700659A21 /* ViewController.m in Sources */ = {isa = PBXBuildFile; fileRef = 3347ADAC1BE4267700659A21 /* ViewController.m */; };
		3347ADB01BE4267700659A21 /* Main.storyboard in Resources */ = {isa = PBXBuildFile; fileRef = 3347ADAE1BE4267700659A21 /* Main.storyboard */; };
		3347ADB21BE4267700659A21 /* Assets.xcassets in Resources */ = {isa = PBXBuildFile; fileRef = 3347ADB11BE4267700659A21 /* Assets.xcassets */; };
		3347ADB51BE4267700659A21 /* LaunchScreen.storyboard in Resources */ = {isa = PBXBuildFile; fileRef = 3347ADB31BE4267700659A21 /* LaunchScreen.storyboard */; };
		3347ADC01BE4267700659A21 /* tableviewTests.m in Sources */ = {isa = PBXBuildFile; fileRef = 3347ADBF1BE4267700659A21 /* tableviewTests.m */; };
		3347ADCB1BE4267700659A21 /* tableviewUITests.m in Sources */ = {isa = PBXBuildFile; fileRef = 3347ADCA1BE4267700659A21 /* tableviewUITests.m */; };
		3347AE581BE5C0A900659A21 /* HSViewController.m in Sources */ = {isa = PBXBuildFile; fileRef = 3347AE571BE5C0A900659A21 /* HSViewController.m */; settings = {ASSET_TAGS = (); }; };
		3347AE5B1BE5C17200659A21 /* One.m in Sources */ = {isa = PBXBuildFile; fileRef = 3347AE5A1BE5C17200659A21 /* One.m */; settings = {ASSET_TAGS = (); }; };
		3347AE5E1BE5C2F700659A21 /* UINavigationController+Extension.m in Sources */ = {isa = PBXBuildFile; fileRef = 3347AE5D1BE5C2F700659A21 /* UINavigationController+Extension.m */; settings = {ASSET_TAGS = (); }; };
/* End PBXBuildFile section */

/* Begin PBXContainerItemProxy section */
		3347ADBC1BE4267700659A21 /* PBXContainerItemProxy */ = {
			isa = PBXContainerItemProxy;
			containerPortal = 3347AD9A1BE4267700659A21 /* Project object */;
			proxyType = 1;
			remoteGlobalIDString = 3347ADA11BE4267700659A21;
			remoteInfo = tableview;
		};
		3347ADC71BE4267700659A21 /* PBXContainerItemProxy */ = {
			isa = PBXContainerItemProxy;
			containerPortal = 3347AD9A1BE4267700659A21 /* Project object */;
			proxyType = 1;
			remoteGlobalIDString = 3347ADA11BE4267700659A21;
			remoteInfo = tableview;
		};
/* End PBXContainerItemProxy section */

/* Begin PBXFileReference section */
		3347ADA21BE4267700659A21 /* tableview.app */ = {isa = PBXFileReference; explicitFileType = wrapper.application; includeInIndex = 0; path = tableview.app; sourceTree = BUILT_PRODUCTS_DIR; };
		3347ADA61BE4267700659A21 /* main.m */ = {isa = PBXFileReference; lastKnownFileType = sourcecode.c.objc; path = main.m; sourceTree = "<group>"; };
		3347ADA81BE4267700659A21 /* AppDelegate.h */ = {isa = PBXFileReference; lastKnownFileType = sourcecode.c.h; path = AppDelegate.h; sourceTree = "<group>"; };
		3347ADA91BE4267700659A21 /* AppDelegate.m */ = {isa = PBXFileReference; lastKnownFileType = sourcecode.c.objc; path = AppDelegate.m; sourceTree = "<group>"; };
		3347ADAB1BE4267700659A21 /* ViewController.h */ = {isa = PBXFileReference; lastKnownFileType = sourcecode.c.h; path = ViewController.h; sourceTree = "<group>"; };
		3347ADAC1BE4267700659A21 /* ViewController.m */ = {isa = PBXFileReference; lastKnownFileType = sourcecode.c.objc; path = ViewController.m; sourceTree = "<group>"; };
		3347ADAF1BE4267700659A21 /* Base */ = {isa = PBXFileReference; lastKnownFileType = file.storyboard; name = Base; path = Base.lproj/Main.storyboard; sourceTree = "<group>"; };
		3347ADB11BE4267700659A21 /* Assets.xcassets */ = {isa = PBXFileReference; lastKnownFileType = folder.assetcatalog; path = Assets.xcassets; sourceTree = "<group>"; };
		3347ADB41BE4267700659A21 /* Base */ = {isa = PBXFileReference; lastKnownFileType = file.storyboard; name = Base; path = Base.lproj/LaunchScreen.storyboard; sourceTree = "<group>"; };
		3347ADB61BE4267700659A21 /* Info.plist */ = {isa = PBXFileReference; lastKnownFileType = text.plist.xml; path = Info.plist; sourceTree = "<group>"; };
		3347ADBB1BE4267700659A21 /* tableviewTests.xctest */ = {isa = PBXFileReference; explicitFileType = wrapper.cfbundle; includeInIndex = 0; path = tableviewTests.xctest; sourceTree = BUILT_PRODUCTS_DIR; };
		3347ADBF1BE4267700659A21 /* tableviewTests.m */ = {isa = PBXFileReference; lastKnownFileType = sourcecode.c.objc; path = tableviewTests.m; sourceTree = "<group>"; };
		3347ADC11BE4267700659A21 /* Info.plist */ = {isa = PBXFileReference; lastKnownFileType = text.plist.xml; path = Info.plist; sourceTree = "<group>"; };
		3347ADC61BE4267700659A21 /* tableviewUITests.xctest */ = {isa = PBXFileReference; explicitFileType = wrapper.cfbundle; includeInIndex = 0; path = tableviewUITests.xctest; sourceTree = BUILT_PRODUCTS_DIR; };
		3347ADCA1BE4267700659A21 /* tableviewUITests.m */ = {isa = PBXFileReference; lastKnownFileType = sourcecode.c.objc; path = tableviewUITests.m; sourceTree = "<group>"; };
		3347ADCC1BE4267700659A21 /* Info.plist */ = {isa = PBXFileReference; lastKnownFileType = text.plist.xml; path = Info.plist; sourceTree = "<group>"; };
		3347AE561BE5C0A900659A21 /* HSViewController.h */ = {isa = PBXFileReference; fileEncoding = 4; lastKnownFileType = sourcecode.c.h; path = HSViewController.h; sourceTree = "<group>"; };
		3347AE571BE5C0A900659A21 /* HSViewController.m */ = {isa = PBXFileReference; fileEncoding = 4; lastKnownFileType = sourcecode.c.objc; path = HSViewController.m; sourceTree = "<group>"; };
		3347AE591BE5C17200659A21 /* One.h */ = {isa = PBXFileReference; fileEncoding = 4; lastKnownFileType = sourcecode.c.h; path = One.h; sourceTree = "<group>"; };
		3347AE5A1BE5C17200659A21 /* One.m */ = {isa = PBXFileReference; fileEncoding = 4; lastKnownFileType = sourcecode.c.objc; path = One.m; sourceTree = "<group>"; };
		3347AE5C1BE5C2F700659A21 /* UINavigationController+Extension.h */ = {isa = PBXFileReference; fileEncoding = 4; lastKnownFileType = sourcecode.c.h; path = "UINavigationController+Extension.h"; sourceTree = "<group>"; };
		3347AE5D1BE5C2F700659A21 /* UINavigationController+Extension.m */ = {isa = PBXFileReference; fileEncoding = 4; lastKnownFileType = sourcecode.c.objc; path = "UINavigationController+Extension.m"; sourceTree = "<group>"; };
/* End PBXFileReference section */

/* Begin PBXFrameworksBuildPhase section */
		3347AD9F1BE4267700659A21 /* Frameworks */ = {
			isa = PBXFrameworksBuildPhase;
			buildActionMask = 2147483647;
			files = (
			);
			runOnlyForDeploymentPostprocessing = 0;
		};
		3347ADB81BE4267700659A21 /* Frameworks */ = {
			isa = PBXFrameworksBuildPhase;
			buildActionMask = 2147483647;
			files = (
			);
			runOnlyForDeploymentPostprocessing = 0;
		};
		3347ADC31BE4267700659A21 /* Frameworks */ = {
			isa = PBXFrameworksBuildPhase;
			buildActionMask = 2147483647;
			files = (
			);
			runOnlyForDeploymentPostprocessing = 0;
		};
/* End PBXFrameworksBuildPhase section */

/* Begin PBXGroup section */
		3347AD991BE4267700659A21 = {
			isa = PBXGroup;
			children = (
				3347ADA41BE4267700659A21 /* tableview */,
				3347ADBE1BE4267700659A21 /* tableviewTests */,
				3347ADC91BE4267700659A21 /* tableviewUITests */,
				3347ADA31BE4267700659A21 /* Products */,
			);
			sourceTree = "<group>";
		};
		3347ADA31BE4267700659A21 /* Products */ = {
			isa = PBXGroup;
			children = (
				3347ADA21BE4267700659A21 /* tableview.app */,
				3347ADBB1BE4267700659A21 /* tableviewTests.xctest */,
				3347ADC61BE4267700659A21 /* tableviewUITests.xctest */,
			);
			name = Products;
			sourceTree = "<group>";
		};
		3347ADA41BE4267700659A21 /* tableview */ = {
			isa = PBXGroup;
			children = (
				3347ADA81BE4267700659A21 /* AppDelegate.h */,
				3347ADA91BE4267700659A21 /* AppDelegate.m */,
				3347AE591BE5C17200659A21 /* One.h */,
				3347AE5A1BE5C17200659A21 /* One.m */,
				3347AE561BE5C0A900659A21 /* HSViewController.h */,
				3347AE571BE5C0A900659A21 /* HSViewController.m */,
				3347ADAB1BE4267700659A21 /* ViewController.h */,
				3347ADAC1BE4267700659A21 /* ViewController.m */,
				3347AE5C1BE5C2F700659A21 /* UINavigationController+Extension.h */,
				3347AE5D1BE5C2F700659A21 /* UINavigationController+Extension.m */,
				3347ADAE1BE4267700659A21 /* Main.storyboard */,
				3347ADB11BE4267700659A21 /* Assets.xcassets */,
				3347ADB31BE4267700659A21 /* LaunchScreen.storyboard */,
				3347ADB61BE4267700659A21 /* Info.plist */,
				3347ADA51BE4267700659A21 /* Supporting Files */,
			);
			path = tableview;
			sourceTree = "<group>";
		};
		3347ADA51BE4267700659A21 /* Supporting Files */ = {
			isa = PBXGroup;
			children = (
				3347ADA61BE4267700659A21 /* main.m */,
			);
			name = "Supporting Files";
			sourceTree = "<group>";
		};
		3347ADBE1BE4267700659A21 /* tableviewTests */ = {
			isa = PBXGroup;
			children = (
				3347ADBF1BE4267700659A21 /* tableviewTests.m */,
				3347ADC11BE4267700659A21 /* Info.plist */,
			);
			path = tableviewTests;
			sourceTree = "<group>";
		};
		3347ADC91BE4267700659A21 /* tableviewUITests */ = {
			isa = PBXGroup;
			children = (
				3347ADCA1BE4267700659A21 /* tableviewUITests.m */,
				3347ADCC1BE4267700659A21 /* Info.plist */,
			);
			path = tableviewUITests;
			sourceTree = "<group>";
		};
/* End PBXGroup section */

/* Begin PBXNativeTarget section */
		3347ADA11BE4267700659A21 /* tableview */ = {
			isa = PBXNativeTarget;
			buildConfigurationList = 3347ADCF1BE4267700659A21 /* Build configuration list for PBXNativeTarget "tableview" */;
			buildPhases = (
				3347AD9E1BE4267700659A21 /* Sources */,
				3347AD9F1BE4267700659A21 /* Frameworks */,
				3347ADA01BE4267700659A21 /* Resources */,
			);
			buildRules = (
			);
			dependencies = (
			);
			name = tableview;
			productName = tableview;
			productReference = 3347ADA21BE4267700659A21 /* tableview.app */;
			productType = "com.apple.product-type.application";
		};
		3347ADBA1BE4267700659A21 /* tableviewTests */ = {
			isa = PBXNativeTarget;
			buildConfigurationList = 3347ADD21BE4267700659A21 /* Build configuration list for PBXNativeTarget "tableviewTests" */;
			buildPhases = (
				3347ADB71BE4267700659A21 /* Sources */,
				3347ADB81BE4267700659A21 /* Frameworks */,
				3347ADB91BE4267700659A21 /* Resources */,
			);
			buildRules = (
			);
			dependencies = (
				3347ADBD1BE4267700659A21 /* PBXTargetDependency */,
			);
			name = tableviewTests;
			productName = tableviewTests;
			productReference = 3347ADBB1BE4267700659A21 /* tableviewTests.xctest */;
			productType = "com.apple.product-type.bundle.unit-test";
		};
		3347ADC51BE4267700659A21 /* tableviewUITests */ = {
			isa = PBXNativeTarget;
			buildConfigurationList = 3347ADD51BE4267700659A21 /* Build configuration list for PBXNativeTarget "tableviewUITests" */;
			buildPhases = (
				3347ADC21BE4267700659A21 /* Sources */,
				3347ADC31BE4267700659A21 /* Frameworks */,
				3347ADC41BE4267700659A21 /* Resources */,
			);
			buildRules = (
			);
			dependencies = (
				3347ADC81BE4267700659A21 /* PBXTargetDependency */,
			);
			name = tableviewUITests;
			productName = tableviewUITests;
			productReference = 3347ADC61BE4267700659A21 /* tableviewUITests.xctest */;
			productType = "com.apple.product-type.bundle.ui-testing";
		};
/* End PBXNativeTarget section */

/* Begin PBXProject section */
		3347AD9A1BE4267700659A21 /* Project object */ = {
			isa = PBXProject;
			attributes = {
				LastUpgradeCheck = 0700;
				ORGANIZATIONNAME = han;
				TargetAttributes = {
					3347ADA11BE4267700659A21 = {
						CreatedOnToolsVersion = 7.0.1;
						DevelopmentTeam = 9549L95V98;
					};
					3347ADBA1BE4267700659A21 = {
						CreatedOnToolsVersion = 7.0.1;
						DevelopmentTeam = 9549L95V98;
						TestTargetID = 3347ADA11BE4267700659A21;
					};
					3347ADC51BE4267700659A21 = {
						CreatedOnToolsVersion = 7.0.1;
						DevelopmentTeam = 9549L95V98;
						TestTargetID = 3347ADA11BE4267700659A21;
					};
				};
			};
			buildConfigurationList = 3347AD9D1BE4267700659A21 /* Build configuration list for PBXProject "tableview" */;
			compatibilityVersion = "Xcode 3.2";
			developmentRegion = English;
			hasScannedForEncodings = 0;
			knownRegions = (
				en,
				Base,
			);
			mainGroup = 3347AD991BE4267700659A21;
			productRefGroup = 3347ADA31BE4267700659A21 /* Products */;
			projectDirPath = "";
			projectRoot = "";
			targets = (
				3347ADA11BE4267700659A21 /* tableview */,
				3347ADBA1BE4267700659A21 /* tableviewTests */,
				3347ADC51BE4267700659A21 /* tableviewUITests */,
			);
		};
/* End PBXProject section */

/* Begin PBXResourcesBuildPhase section */
		3347ADA01BE4267700659A21 /* Resources */ = {
			isa = PBXResourcesBuildPhase;
			buildActionMask = 2147483647;
			files = (
				3347ADB51BE4267700659A21 /* LaunchScreen.storyboard in Resources */,
				3347ADB21BE4267700659A21 /* Assets.xcassets in Resources */,
				3347ADB01BE4267700659A21 /* Main.storyboard in Resources */,
			);
			runOnlyForDeploymentPostprocessing = 0;
		};
		3347ADB91BE4267700659A21 /* Resources */ = {
			isa = PBXResourcesBuildPhase;
			buildActionMask = 2147483647;
			files = (
			);
			runOnlyForDeploymentPostprocessing = 0;
		};
		3347ADC41BE4267700659A21 /* Resources */ = {
			isa = PBXResourcesBuildPhase;
			buildActionMask = 2147483647;
			files = (
			);
			runOnlyForDeploymentPostprocessing = 0;
		};
/* End PBXResourcesBuildPhase section */

/* Begin PBXSourcesBuildPhase section */
		3347AD9E1BE4267700659A21 /* Sources */ = {
			isa = PBXSourcesBuildPhase;
			buildActionMask = 2147483647;
			files = (
				3347ADAD1BE4267700659A21 /* ViewController.m in Sources */,
				3347ADAA1BE4267700659A21 /* AppDelegate.m in Sources */,
				3347AE5B1BE5C17200659A21 /* One.m in Sources */,
				3347ADA71BE4267700659A21 /* main.m in Sources */,
				3347AE581BE5C0A900659A21 /* HSViewController.m in Sources */,
				3347AE5E1BE5C2F700659A21 /* UINavigationController+Extension.m in Sources */,
			);
			runOnlyForDeploymentPostprocessing = 0;
		};
		3347ADB71BE4267700659A21 /* Sources */ = {
			isa = PBXSourcesBuildPhase;
			buildActionMask = 2147483647;
			files = (
				3347ADC01BE4267700659A21 /* tableviewTests.m in Sources */,
			);
			runOnlyForDeploymentPostprocessing = 0;
		};
		3347ADC21BE4267700659A21 /* Sources */ = {
			isa = PBXSourcesBuildPhase;
			buildActionMask = 2147483647;
			files = (
				3347ADCB1BE4267700659A21 /* tableviewUITests.m in Sources */,
			);
			runOnlyForDeploymentPostprocessing = 0;
		};
/* End PBXSourcesBuildPhase section */

/* Begin PBXTargetDependency section */
		3347ADBD1BE4267700659A21 /* PBXTargetDependency */ = {
			isa = PBXTargetDependency;
			target = 3347ADA11BE4267700659A21 /* tableview */;
			targetProxy = 3347ADBC1BE4267700659A21 /* PBXContainerItemProxy */;
		};
		3347ADC81BE4267700659A21 /* PBXTargetDependency */ = {
			isa = PBXTargetDependency;
			target = 3347ADA11BE4267700659A21 /* tableview */;
			targetProxy = 3347ADC71BE4267700659A21 /* PBXContainerItemProxy */;
		};
/* End PBXTargetDependency section */

/* Begin PBXVariantGroup section */
		3347ADAE1BE4267700659A21 /* Main.storyboard */ = {
			isa = PBXVariantGroup;
			children = (
				3347ADAF1BE4267700659A21 /* Base */,
			);
			name = Main.storyboard;
			sourceTree = "<group>";
		};
		3347ADB31BE4267700659A21 /* LaunchScreen.storyboard */ = {
			isa = PBXVariantGroup;
			children = (
				3347ADB41BE4267700659A21 /* Base */,
			);
			name = LaunchScreen.storyboard;
			sourceTree = "<group>";
		};
/* End PBXVariantGroup section */

/* Begin XCBuildConfiguration section */
		3347ADCD1BE4267700659A21 /* Debug */ = {
			isa = XCBuildConfiguration;
			buildSettings = {
				ALWAYS_SEARCH_USER_PATHS = NO;
				CLANG_CXX_LANGUAGE_STANDARD = "gnu++0x";
				CLANG_CXX_LIBRARY = "libc++";
				CLANG_ENABLE_MODULES = YES;
				CLANG_ENABLE_OBJC_ARC = YES;
				CLANG_WARN_BOOL_CONVERSION = YES;
				CLANG_WARN_CONSTANT_CONVERSION = YES;
				CLANG_WARN_DIRECT_OBJC_ISA_USAGE = YES_ERROR;
				CLANG_WARN_EMPTY_BODY = YES;
				CLANG_WARN_ENUM_CONVERSION = YES;
				CLANG_WARN_INT_CONVERSION = YES;
				CLANG_WARN_OBJC_ROOT_CLASS = YES_ERROR;
				CLANG_WARN_UNREACHABLE_CODE = YES;
				CLANG_WARN__DUPLICATE_METHOD_MATCH = YES;
				"CODE_SIGN_IDENTITY[sdk=iphoneos*]" = "iPhone Developer";
				COPY_PHASE_STRIP = NO;
				DEBUG_INFORMATION_FORMAT = dwarf;
				ENABLE_STRICT_OBJC_MSGSEND = YES;
				ENABLE_TESTABILITY = YES;
				GCC_C_LANGUAGE_STANDARD = gnu99;
				GCC_DYNAMIC_NO_PIC = NO;
				GCC_NO_COMMON_BLOCKS = YES;
				GCC_OPTIMIZATION_LEVEL = 0;
				GCC_PREPROCESSOR_DEFINITIONS = (
					"DEBUG=1",
					"$(inherited)",
				);
				GCC_WARN_64_TO_32_BIT_CONVERSION = YES;
				GCC_WARN_ABOUT_RETURN_TYPE = YES_ERROR;
				GCC_WARN_UNDECLARED_SELECTOR = YES;
				GCC_WARN_UNINITIALIZED_AUTOS = YES_AGGRESSIVE;
				GCC_WARN_UNUSED_FUNCTION = YES;
				GCC_WARN_UNUSED_VARIABLE = YES;
				IPHONEOS_DEPLOYMENT_TARGET = 9.0;
				MTL_ENABLE_DEBUG_INFO = YES;
				ONLY_ACTIVE_ARCH = YES;
				SDKROOT = iphoneos;
				TARGETED_DEVICE_FAMILY = "1,2";
			};
			name = Debug;
		};
		3347ADCE1BE4267700659A21 /* Release */ = {
			isa = XCBuildConfiguration;
			buildSettings = {
				ALWAYS_SEARCH_USER_PATHS = NO;
				CLANG_CXX_LANGUAGE_STANDARD = "gnu++0x";
				CLANG_CXX_LIBRARY = "libc++";
				CLANG_ENABLE_MODULES = YES;
				CLANG_ENABLE_OBJC_ARC = YES;
				CLANG_WARN_BOOL_CONVERSION = YES;
				CLANG_WARN_CONSTANT_CONVERSION = YES;
				CLANG_WARN_DIRECT_OBJC_ISA_USAGE = YES_ERROR;
				CLANG_WARN_EMPTY_BODY = YES;
				CLANG_WARN_ENUM_CONVERSION = YES;
				CLANG_WARN_INT_CONVERSION = YES;
				CLANG_WARN_OBJC_ROOT_CLASS = YES_ERROR;
				CLANG_WARN_UNREACHABLE_CODE = YES;
				CLANG_WARN__DUPLICATE_METHOD_MATCH = YES;
				"CODE_SIGN_IDENTITY[sdk=iphoneos*]" = "iPhone Developer";
				COPY_PHASE_STRIP = NO;
				DEBUG_INFORMATION_FORMAT = "dwarf-with-dsym";
				ENABLE_NS_ASSERTIONS = NO;
				ENABLE_STRICT_OBJC_MSGSEND = YES;
				GCC_C_LANGUAGE_STANDARD = gnu99;
				GCC_NO_COMMON_BLOCKS = YES;
				GCC_WARN_64_TO_32_BIT_CONVERSION = YES;
				GCC_WARN_ABOUT_RETURN_TYPE = YES_ERROR;
				GCC_WARN_UNDECLARED_SELECTOR = YES;
				GCC_WARN_UNINITIALIZED_AUTOS = YES_AGGRESSIVE;
				GCC_WARN_UNUSED_FUNCTION = YES;
				GCC_WARN_UNUSED_VARIABLE = YES;
				IPHONEOS_DEPLOYMENT_TARGET = 9.0;
				MTL_ENABLE_DEBUG_INFO = NO;
				SDKROOT = iphoneos;
				TARGETED_DEVICE_FAMILY = "1,2";
				VALIDATE_PRODUCT = YES;
			};
			name = Release;
		};
		3347ADD01BE4267700659A21 /* Debug */ = {
			isa = XCBuildConfiguration;
			buildSettings = {
				ASSETCATALOG_COMPILER_APPICON_NAME = AppIcon;
				INFOPLIST_FILE = tableview/Info.plist;
				LD_RUNPATH_SEARCH_PATHS = "$(inherited) @executable_path/Frameworks";
				PRODUCT_BUNDLE_IDENTIFIER = com.yutong.tableview;
				PRODUCT_NAME = "$(TARGET_NAME)";
			};
			name = Debug;
		};
		3347ADD11BE4267700659A21 /* Release */ = {
			isa = XCBuildConfiguration;
			buildSettings = {
				ASSETCATALOG_COMPILER_APPICON_NAME = AppIcon;
				INFOPLIST_FILE = tableview/Info.plist;
				LD_RUNPATH_SEARCH_PATHS = "$(inherited) @executable_path/Frameworks";
				PRODUCT_BUNDLE_IDENTIFIER = com.yutong.tableview;
				PRODUCT_NAME = "$(TARGET_NAME)";
			};
			name = Release;
		};
		3347ADD31BE4267700659A21 /* Debug */ = {
			isa = XCBuildConfiguration;
			buildSettings = {
				BUNDLE_LOADER = "$(TEST_HOST)";
				INFOPLIST_FILE = tableviewTests/Info.plist;
				LD_RUNPATH_SEARCH_PATHS = "$(inherited) @executable_path/Frameworks @loader_path/Frameworks";
				PRODUCT_BUNDLE_IDENTIFIER = com.yutong.tableviewTests;
				PRODUCT_NAME = "$(TARGET_NAME)";
				TEST_HOST = "$(BUILT_PRODUCTS_DIR)/tableview.app/tableview";
			};
			name = Debug;
		};
		3347ADD41BE4267700659A21 /* Release */ = {
			isa = XCBuildConfiguration;
			buildSettings = {
				BUNDLE_LOADER = "$(TEST_HOST)";
				INFOPLIST_FILE = tableviewTests/Info.plist;
				LD_RUNPATH_SEARCH_PATHS = "$(inherited) @executable_path/Frameworks @loader_path/Frameworks";
				PRODUCT_BUNDLE_IDENTIFIER = com.yutong.tableviewTests;
				PRODUCT_NAME = "$(TARGET_NAME)";
				TEST_HOST = "$(BUILT_PRODUCTS_DIR)/tableview.app/tableview";
			};
			name = Release;
		};
		3347ADD61BE4267700659A21 /* Debug */ = {
			isa = XCBuildConfiguration;
			buildSettings = {
				INFOPLIST_FILE = tableviewUITests/Info.plist;
				LD_RUNPATH_SEARCH_PATHS = "$(inherited) @executable_path/Frameworks @loader_path/Frameworks";
				PRODUCT_BUNDLE_IDENTIFIER = com.yutong.tableviewUITests;
				PRODUCT_NAME = "$(TARGET_NAME)";
				TEST_TARGET_NAME = tableview;
				USES_XCTRUNNER = YES;
			};
			name = Debug;
		};
		3347ADD71BE4267700659A21 /* Release */ = {
			isa = XCBuildConfiguration;
			buildSettings = {
				INFOPLIST_FILE = tableviewUITests/Info.plist;
				LD_RUNPATH_SEARCH_PATHS = "$(inherited) @executable_path/Frameworks @loader_path/Frameworks";
				PRODUCT_BUNDLE_IDENTIFIER = com.yutong.tableviewUITests;
				PRODUCT_NAME = "$(TARGET_NAME)";
				TEST_TARGET_NAME = tableview;
				USES_XCTRUNNER = YES;
			};
			name = Release;
		};
/* End XCBuildConfiguration section */

/* Begin XCConfigurationList section */
		3347AD9D1BE4267700659A21 /* Build configuration list for PBXProject "tableview" */ = {
			isa = XCConfigurationList;
			buildConfigurations = (
				3347ADCD1BE4267700659A21 /* Debug */,
				3347ADCE1BE4267700659A21 /* Release */,
			);
			defaultConfigurationIsVisible = 0;
			defaultConfigurationName = Release;
		};
		3347ADCF1BE4267700659A21 /* Build configuration list for PBXNativeTarget "tableview" */ = {
			isa = XCConfigurationList;
			buildConfigurations = (
				3347ADD01BE4267700659A21 /* Debug */,
				3347ADD11BE4267700659A21 /* Release */,
			);
			defaultConfigurationIsVisible = 0;
			defaultConfigurationName = Release;
		};
		3347ADD21BE4267700659A21 /* Build configuration list for PBXNativeTarget "tableviewTests" */ = {
			isa = XCConfigurationList;
			buildConfigurations = (
				3347ADD31BE4267700659A21 /* Debug */,
				3347ADD41BE4267700659A21 /* Release */,
			);
			defaultConfigurationIsVisible = 0;
			defaultConfigurationName = Release;
		};
		3347ADD51BE4267700659A21 /* Build configuration list for PBXNativeTarget "tableviewUITests" */ = {
			isa = XCConfigurationList;
			buildConfigurations = (
				3347ADD61BE4267700659A21 /* Debug */,
				3347ADD71BE4267700659A21 /* Release */,
			);
			defaultConfigurationIsVisible = 0;
			defaultConfigurationName = Release;
		};
/* End XCConfigurationList section */
	};
	rootObject = 3347AD9A1BE4267700659A21 /* Project object */;
}
